
Microsoft Visual Studio Solution File, Format Version 12.00
# Visual Studio 15
VisualStudioVersion = 15.0.28307.539
MinimumVisualStudioVersion = 10.0.40219.1
Project("{FAE04EC0-301F-11D3-BF4B-00C04F79EFBC}") = "LSB.Models", "LSB.Models\LSB.Models.csproj", "{C2FB9819-B0BC-4773-AD2F-D38DF6F9FC9E}"
EndProject
Project("{FAE04EC0-301F-11D3-BF4B-00C04F79EFBC}") = "LSB.Data", "LSB.Data\LSB.Data.csproj", "{31E31F63-4F97-4E80-97D6-F09F669ADC65}"
EndProject
Project("{FAE04EC0-301F-11D3-BF4B-00C04F79EFBC}") = "LSB.Controllers", "LSB.Controllers\LSB.Controllers.csproj", "{41EDFC56-7689-4BBD-B9A3-6439CE2A8146}"
EndProject
Project("{FAE04EC0-301F-11D3-BF4B-00C04F79EFBC}") = "LSB.View", "LSB.View\LSB.View.csproj", "{8B90CC85-22A7-4E92-926A-DCE5F22E4DEC}"
EndProject
Project("{FAE04EC0-301F-11D3-BF4B-00C04F79EFBC}") = "LSB.Test", "LSB.Test\LSB.Test.csproj", "{6275E0EF-896E-4970-8856-5B1AB1D56419}"
EndProject
Global
	GlobalSection(SolutionConfigurationPlatforms) = preSolution
		Debug|Any CPU = Debug|Any CPU
		Release|Any CPU = Release|Any CPU
	EndGlobalSection
	GlobalSection(ProjectConfigurationPlatforms) = postSolution
		{C2FB9819-B0BC-4773-AD2F-D38DF6F9FC9E}.Debug|Any CPU.ActiveCfg = Debug|Any CPU
		{C2FB9819-B0BC-4773-AD2F-D38DF6F9FC9E}.Debug|Any CPU.Build.0 = Debug|Any CPU
		{C2FB9819-B0BC-4773-AD2F-D38DF6F9FC9E}.Release|Any CPU.ActiveCfg = Release|Any CPU
		{C2FB9819-B0BC-4773-AD2F-D38DF6F9FC9E}.Release|Any CPU.Build.0 = Release|Any CPU
		{31E31F63-4F97-4E80-97D6-F09F669ADC65}.Debug|Any CPU.ActiveCfg = Debug|Any CPU
		{31E31F63-4F97-4E80-97D6-F09F669ADC65}.Debug|Any CPU.Build.0 = Debug|Any CPU
		{31E31F63-4F97-4E80-97D6-F09F669ADC65}.Release|Any CPU.ActiveCfg = Release|Any CPU
		{31E31F63-4F97-4E80-97D6-F09F669ADC65}.Release|Any CPU.Build.0 = Release|Any CPU
		{41EDFC56-7689-4BBD-B9A3-6439CE2A8146}.Debug|Any CPU.ActiveCfg = Debug|Any CPU
		{41EDFC56-7689-4BBD-B9A3-6439CE2A8146}.Debug|Any CPU.Build.0 = Debug|Any CPU
		{41EDFC56-7689-4BBD-B9A3-6439CE2A8146}.Release|Any CPU.ActiveCfg = Release|Any CPU
		{41EDFC56-7689-4BBD-B9A3-6439CE2A8146}.Release|Any CPU.Build.0 = Release|Any CPU
		{8B90CC85-22A7-4E92-926A-DCE5F22E4DEC}.Debug|Any CPU.ActiveCfg = Debug|Any CPU
		{8B90CC85-22A7-4E92-926A-DCE5F22E4DEC}.Debug|Any CPU.Build.0 = Debug|Any CPU
		{8B90CC85-22A7-4E92-926A-DCE5F22E4DEC}.Release|Any CPU.ActiveCfg = Release|Any CPU
		{8B90CC85-22A7-4E92-926A-DCE5F22E4DEC}.Release|Any CPU.Build.0 = Release|Any CPU
		{6275E0EF-896E-4970-8856-5B1AB1D56419}.Debug|Any CPU.ActiveCfg = Debug|Any CPU
		{6275E0EF-896E-4970-8856-5B1AB1D56419}.Debug|Any CPU.Build.0 = Debug|Any CPU
		{6275E0EF-896E-4970-8856-5B1AB1D56419}.Release|Any CPU.ActiveCfg = Release|Any CPU
		{6275E0EF-896E-4970-8856-5B1AB1D56419}.Release|Any CPU.Build.0 = Release|Any CPU
	EndGlobalSection
	GlobalSection(SolutionProperties) = preSolution
		HideSolutionNode = FALSE
	EndGlobalSection
	GlobalSection(ExtensibilityGlobals) = postSolution
		SolutionGuid = {83935644-9642-4BC5-A079-9FF4984CBE22}
	EndGlobalSection
EndGlobal
